
Microsoft Visual Studio Solution File, Format Version 12.00
# Visual Studio Version 16
VisualStudioVersion = 16.0.30330.147
MinimumVisualStudioVersion = 10.0.40219.1
Project("{FAE04EC0-301F-11D3-BF4B-00C04F79EFBC}") = "AddressDetails", "AddressDetails\AddressDetails.csproj", "{1BC4A7CB-FB19-452E-B9C4-CC70C4FD90C2}"
EndProject
Project("{FAE04EC0-301F-11D3-BF4B-00C04F79EFBC}") = "AddressDetails.Db.Ef", "AddressDetails.Db.Ef\AddressDetails.Db.Ef.csproj", "{8685B9EB-6B25-461B-BCE5-5C4768DC565C}"
EndProject
Global
	GlobalSection(SolutionConfigurationPlatforms) = preSolution
		Debug|Any CPU = Debug|Any CPU
		Release|Any CPU = Release|Any CPU
	EndGlobalSection
	GlobalSection(ProjectConfigurationPlatforms) = postSolution
		{1BC4A7CB-FB19-452E-B9C4-CC70C4FD90C2}.Debug|Any CPU.ActiveCfg = Debug|Any CPU
		{1BC4A7CB-FB19-452E-B9C4-CC70C4FD90C2}.Debug|Any CPU.Build.0 = Debug|Any CPU
		{1BC4A7CB-FB19-452E-B9C4-CC70C4FD90C2}.Release|Any CPU.ActiveCfg = Release|Any CPU
		{1BC4A7CB-FB19-452E-B9C4-CC70C4FD90C2}.Release|Any CPU.Build.0 = Release|Any CPU
		{8685B9EB-6B25-461B-BCE5-5C4768DC565C}.Debug|Any CPU.ActiveCfg = Debug|Any CPU
		{8685B9EB-6B25-461B-BCE5-5C4768DC565C}.Debug|Any CPU.Build.0 = Debug|Any CPU
		{8685B9EB-6B25-461B-BCE5-5C4768DC565C}.Release|Any CPU.ActiveCfg = Release|Any CPU
		{8685B9EB-6B25-461B-BCE5-5C4768DC565C}.Release|Any CPU.Build.0 = Release|Any CPU
	EndGlobalSection
	GlobalSection(SolutionProperties) = preSolution
		HideSolutionNode = FALSE
	EndGlobalSection
	GlobalSection(ExtensibilityGlobals) = postSolution
		SolutionGuid = {C30D41D1-F435-4609-B721-5494E1ACE7CC}
	EndGlobalSection
EndGlobal
